
Microsoft Visual Studio Solution File, Format Version 12.00
# Visual Studio Version 17
VisualStudioVersion = 17.6.33801.468
MinimumVisualStudioVersion = 10.0.40219.1
Project("{9A19103F-16F7-4668-BE54-9A1E7A4F7556}") = "FSI.PublicApi.Sample.Dotnet", "FSI.PublicApi.Sample.Dotnet.csproj", "{9C4A17A4-D731-41CA-B324-D59CA65D2C8A}"
EndProject
Global
	GlobalSection(SolutionConfigurationPlatforms) = preSolution
		Debug|Any CPU = Debug|Any CPU
		Release|Any CPU = Release|Any CPU
	EndGlobalSection
	GlobalSection(ProjectConfigurationPlatforms) = postSolution
		{9C4A17A4-D731-41CA-B324-D59CA65D2C8A}.Debug|Any CPU.ActiveCfg = Debug|Any CPU
		{9C4A17A4-D731-41CA-B324-D59CA65D2C8A}.Debug|Any CPU.Build.0 = Debug|Any CPU
		{9C4A17A4-D731-41CA-B324-D59CA65D2C8A}.Release|Any CPU.ActiveCfg = Release|Any CPU
		{9C4A17A4-D731-41CA-B324-D59CA65D2C8A}.Release|Any CPU.Build.0 = Release|Any CPU
	EndGlobalSection
	GlobalSection(SolutionProperties) = preSolution
		HideSolutionNode = FALSE
	EndGlobalSection
	GlobalSection(ExtensibilityGlobals) = postSolution
		SolutionGuid = {3F0888AD-B6E7-4E7E-AD7A-A5547765457D}
	EndGlobalSection
EndGlobal
